
Microsoft Visual Studio Solution File, Format Version 12.00
# Visual Studio Version 16
VisualStudioVersion = 16.0.30128.74
MinimumVisualStudioVersion = 10.0.40219.1
Project("{FAE04EC0-301F-11D3-BF4B-00C04F79EFBC}") = "evolution", "evolution\evolution.csproj", "{89048882-F135-4064-8949-E091ECBE091B}"
EndProject
Global
	GlobalSection(SolutionConfigurationPlatforms) = preSolution
		Debug|Any CPU = Debug|Any CPU
		Release|Any CPU = Release|Any CPU
	EndGlobalSection
	GlobalSection(ProjectConfigurationPlatforms) = postSolution
		{89048882-F135-4064-8949-E091ECBE091B}.Debug|Any CPU.ActiveCfg = Debug|Any CPU
		{89048882-F135-4064-8949-E091ECBE091B}.Debug|Any CPU.Build.0 = Debug|Any CPU
		{89048882-F135-4064-8949-E091ECBE091B}.Release|Any CPU.ActiveCfg = Release|Any CPU
		{89048882-F135-4064-8949-E091ECBE091B}.Release|Any CPU.Build.0 = Release|Any CPU
	EndGlobalSection
	GlobalSection(SolutionProperties) = preSolution
		HideSolutionNode = FALSE
	EndGlobalSection
	GlobalSection(ExtensibilityGlobals) = postSolution
		SolutionGuid = {819A7B26-D8C3-4052-A993-88D7CCFB149B}
	EndGlobalSection
EndGlobal
